{
  "version": 4,
  "terraform_version": "1.1.7",
  "serial": 26,
  "lineage": "e209382e-149a-5e83-93b7-26313ae2b71f",
  "outputs": {},
  "resources": [
    {
      "mode": "data",
      "type": "ionoscloud_datacenter",
      "name": "dev_talks",
      "provider": "provider[\"registry.terraform.io/hashicorp/ionoscloud\"]",
      "instances": [
        {
          "schema_version": 0,
          "attributes": {
            "cpu_architecture": [
              {
                "cpu_family": "INTEL_SKYLAKE",
                "max_cores": 4,
                "max_ram": 20480,
                "vendor": "GenuineIntel"
              }
            ],
            "description": null,
            "features": [
              "cloud-init",
              "cloud-init-private-image",
              "contract-identities",
              "core-vps",
              "cpu-hot-plug",
              "disk-vio-hot-plug",
              "disk-vio-hot-unplug",
              "dynamic-private-ip-range",
              "flow-logs",
              "k8s",
              "k8s-cidr-s3-support",
              "mem-hot-plug",
              "monitoring",
              "nic-hot-plug",
              "nic-hot-unplug",
              "pcc",
              "private-loadbalancer",
              "reseller-specific-config",
              "ssd",
              "ssd-storage-zoning",
              "vm-autoscaling",
              "vnf-alb",
              "vnf-cidr",
              "vnf-fw",
              "vnf-lb",
              "vnf-nat"
            ],
            "id": "d8e8ff24-6df5-40f6-8045-ba2a741dd173",
            "location": "de/txl",
            "name": "DevTalksDatacenter",
            "sec_auth_protection": false,
            "timeouts": null,
            "version": 11
          },
          "sensitive_attributes": []
        }
      ]
    },
    {
      "module": "module.alb",
      "mode": "managed",
      "type": "ionoscloud_application_loadbalancer",
      "name": "alb",
      "provider": "provider[\"registry.terraform.io/hashicorp/ionoscloud\"]",
      "instances": [
        {
          "schema_version": 0,
          "attributes": {
            "datacenter_id": "d8e8ff24-6df5-40f6-8045-ba2a741dd173",
            "id": "eecfc50b-fef4-4e88-80ab-4a8f91e8e583",
            "ips": [
              "10.12.118.224"
            ],
            "lb_private_ips": [
              "10.13.72.225/24"
            ],
            "listener_lan": 3,
            "name": "DevTalksAlb",
            "target_lan": 2,
            "timeouts": null
          },
          "sensitive_attributes": [],
          "private": "eyJlMmJmYjczMC1lY2FhLTExZTYtOGY4OC0zNDM2M2JjN2M0YzAiOnsiY3JlYXRlIjozNjAwMDAwMDAwMDAwLCJkZWZhdWx0IjozNjAwMDAwMDAwMDAwLCJkZWxldGUiOjM2MDAwMDAwMDAwMDAsInJlYWQiOjM2MDAwMDAwMDAwMDAsInVwZGF0ZSI6MzYwMDAwMDAwMDAwMH19",
          "dependencies": [
            "data.ionoscloud_datacenter.dev_talks",
            "module.lan.ionoscloud_lan.lan"
          ]
        }
      ]
    },
    {
      "module": "module.lan[0]",
      "mode": "managed",
      "type": "ionoscloud_lan",
      "name": "lan",
      "provider": "provider[\"registry.terraform.io/hashicorp/ionoscloud\"]",
      "instances": [
        {
          "schema_version": 0,
          "attributes": {
            "datacenter_id": "d8e8ff24-6df5-40f6-8045-ba2a741dd173",
            "id": "3",
            "ip_failover": [],
            "name": "DevTalksLan1",
            "pcc": null,
            "public": false,
            "timeouts": null
          },
          "sensitive_attributes": [],
          "private": "eyJlMmJmYjczMC1lY2FhLTExZTYtOGY4OC0zNDM2M2JjN2M0YzAiOnsiY3JlYXRlIjozNjAwMDAwMDAwMDAwLCJkZWZhdWx0IjozNjAwMDAwMDAwMDAwLCJkZWxldGUiOjM2MDAwMDAwMDAwMDAsInJlYWQiOjM2MDAwMDAwMDAwMDAsInVwZGF0ZSI6MzYwMDAwMDAwMDAwMH19",
          "dependencies": [
            "data.ionoscloud_datacenter.dev_talks"
          ]
        }
      ]
    },
    {
      "module": "module.lan[1]",
      "mode": "managed",
      "type": "ionoscloud_lan",
      "name": "lan",
      "provider": "provider[\"registry.terraform.io/hashicorp/ionoscloud\"]",
      "instances": [
        {
          "schema_version": 0,
          "attributes": {
            "datacenter_id": "d8e8ff24-6df5-40f6-8045-ba2a741dd173",
            "id": "2",
            "ip_failover": [],
            "name": "DevTalksLan2",
            "pcc": null,
            "public": false,
            "timeouts": null
          },
          "sensitive_attributes": [],
          "private": "eyJlMmJmYjczMC1lY2FhLTExZTYtOGY4OC0zNDM2M2JjN2M0YzAiOnsiY3JlYXRlIjozNjAwMDAwMDAwMDAwLCJkZWZhdWx0IjozNjAwMDAwMDAwMDAwLCJkZWxldGUiOjM2MDAwMDAwMDAwMDAsInJlYWQiOjM2MDAwMDAwMDAwMDAsInVwZGF0ZSI6MzYwMDAwMDAwMDAwMH19",
          "dependencies": [
            "data.ionoscloud_datacenter.dev_talks"
          ]
        }
      ]
    },
    {
      "module": "module.server[0]",
      "mode": "managed",
      "type": "ionoscloud_server",
      "name": "server",
      "provider": "provider[\"registry.terraform.io/hashicorp/ionoscloud\"]",
      "instances": [
        {
          "schema_version": 0,
          "attributes": {
            "availability_zone": "ZONE_1",
            "boot_cdrom": null,
            "boot_image": "e196ebb3-c620-11ec-9391-46570854dba1",
            "boot_volume": "601b825d-3d9c-4d8c-9d60-ea5450bcf057",
            "cores": 1,
            "cpu_family": "INTEL_SKYLAKE",
            "datacenter_id": "d8e8ff24-6df5-40f6-8045-ba2a741dd173",
            "firewallrule_id": null,
            "id": "55bb8a6f-e6d0-46fa-9cfa-ce8317053aac",
            "image_name": "ubuntu:latest",
            "image_password": "Drz53jkds6s",
            "name": "DevTalksServer1",
            "nic": [
              {
                "device_number": 0,
                "dhcp": true,
                "firewall": [],
                "firewall_active": false,
                "firewall_type": "INGRESS",
                "ips": [
                  "10.0.2.10"
                ],
                "lan": 2,
                "mac": "02:01:53:b8:65:f2",
                "name": "DevTalksServer1",
                "pci_slot": 0
              }
            ],
            "primary_ip": "10.0.2.10",
            "primary_nic": "7ebfc8a6-4f51-4f3e-b252-3c06d523f875",
            "ram": 2048,
            "ssh_key_path": [],
            "template_uuid": null,
            "timeouts": null,
            "type": "ENTERPRISE",
            "volume": [
              {
                "availability_zone": "AUTO",
                "backup_unit_id": "",
                "boot_server": "55bb8a6f-e6d0-46fa-9cfa-ce8317053aac",
                "bus": "VIRTIO",
                "cpu_hot_plug": true,
                "device_number": 1,
                "disc_virtio_hot_plug": true,
                "disc_virtio_hot_unplug": true,
                "disk_type": "SSD Standard",
                "image_password": "",
                "licence_type": "LINUX",
                "name": "DevTalksServer1",
                "nic_hot_plug": true,
                "nic_hot_unplug": true,
                "pci_slot": 0,
                "ram_hot_plug": true,
                "size": 3,
                "ssh_key_path": [],
                "user_data": ""
              }
            ]
          },
          "sensitive_attributes": [],
          "private": "eyJlMmJmYjczMC1lY2FhLTExZTYtOGY4OC0zNDM2M2JjN2M0YzAiOnsiY3JlYXRlIjozNjAwMDAwMDAwMDAwLCJkZWZhdWx0IjozNjAwMDAwMDAwMDAwLCJkZWxldGUiOjM2MDAwMDAwMDAwMDAsInJlYWQiOjM2MDAwMDAwMDAwMDAsInVwZGF0ZSI6MzYwMDAwMDAwMDAwMH19",
          "dependencies": [
            "data.ionoscloud_datacenter.dev_talks",
            "module.lan.ionoscloud_lan.lan"
          ]
        }
      ]
    },
    {
      "module": "module.server[1]",
      "mode": "managed",
      "type": "ionoscloud_server",
      "name": "server",
      "provider": "provider[\"registry.terraform.io/hashicorp/ionoscloud\"]",
      "instances": [
        {
          "schema_version": 0,
          "attributes": {
            "availability_zone": "ZONE_1",
            "boot_cdrom": null,
            "boot_image": "e196ebb3-c620-11ec-9391-46570854dba1",
            "boot_volume": "41947236-42d9-4020-8844-c199109b1e24",
            "cores": 1,
            "cpu_family": "INTEL_SKYLAKE",
            "datacenter_id": "d8e8ff24-6df5-40f6-8045-ba2a741dd173",
            "firewallrule_id": null,
            "id": "de6469e8-0853-4876-81ee-c11aecb53bee",
            "image_name": "ubuntu:latest",
            "image_password": "Drz53jkds6s",
            "name": "DevTalksServer2",
            "nic": [
              {
                "device_number": 0,
                "dhcp": true,
                "firewall": [],
                "firewall_active": false,
                "firewall_type": "INGRESS",
                "ips": [
                  "10.0.2.11"
                ],
                "lan": 2,
                "mac": "02:01:96:5a:ac:15",
                "name": "DevTalksServer2",
                "pci_slot": 0
              }
            ],
            "primary_ip": "10.0.2.11",
            "primary_nic": "aa93c264-506a-4092-9ddd-b2a39a724f4b",
            "ram": 2048,
            "ssh_key_path": [],
            "template_uuid": null,
            "timeouts": null,
            "type": "ENTERPRISE",
            "volume": [
              {
                "availability_zone": "AUTO",
                "backup_unit_id": "",
                "boot_server": "de6469e8-0853-4876-81ee-c11aecb53bee",
                "bus": "VIRTIO",
                "cpu_hot_plug": true,
                "device_number": 1,
                "disc_virtio_hot_plug": true,
                "disc_virtio_hot_unplug": true,
                "disk_type": "SSD Standard",
                "image_password": "",
                "licence_type": "LINUX",
                "name": "DevTalksServer2",
                "nic_hot_plug": true,
                "nic_hot_unplug": true,
                "pci_slot": 0,
                "ram_hot_plug": true,
                "size": 3,
                "ssh_key_path": [],
                "user_data": ""
              }
            ]
          },
          "sensitive_attributes": [],
          "private": "eyJlMmJmYjczMC1lY2FhLTExZTYtOGY4OC0zNDM2M2JjN2M0YzAiOnsiY3JlYXRlIjozNjAwMDAwMDAwMDAwLCJkZWZhdWx0IjozNjAwMDAwMDAwMDAwLCJkZWxldGUiOjM2MDAwMDAwMDAwMDAsInJlYWQiOjM2MDAwMDAwMDAwMDAsInVwZGF0ZSI6MzYwMDAwMDAwMDAwMH19",
          "dependencies": [
            "data.ionoscloud_datacenter.dev_talks",
            "module.lan.ionoscloud_lan.lan"
          ]
        }
      ]
    }
  ]
}
