{
  "version": 4,
  "terraform_version": "1.1.7",
  "serial": 11,
  "lineage": "8af8a3f9-b12c-c91b-1759-3e64daef3b1d",
  "outputs": {
    "alb_connection_ip": {
      "value": "85.215.165.153",
      "type": "string"
    }
  },
  "resources": [
    {
      "module": "module.alb",
      "mode": "managed",
      "type": "ionoscloud_application_loadbalancer",
      "name": "alb",
      "provider": "provider[\"registry.terraform.io/hashicorp/ionoscloud\"]",
      "instances": [
        {
          "schema_version": 0,
          "attributes": {
            "datacenter_id": "9b94dad0-245f-4b19-a1a9-0863fa25e695",
            "id": "75f1bd7c-2247-4579-acde-5ce0e5ef33c2",
            "ips": [
              "85.215.165.153"
            ],
            "lb_private_ips": [
              "10.0.3.10/23"
            ],
            "listener_lan": 2,
            "name": "AlbDevTalksTerraform",
            "target_lan": 1,
            "timeouts": null
          },
          "sensitive_attributes": [],
          "private": "eyJlMmJmYjczMC1lY2FhLTExZTYtOGY4OC0zNDM2M2JjN2M0YzAiOnsiY3JlYXRlIjozNjAwMDAwMDAwMDAwLCJkZWZhdWx0IjozNjAwMDAwMDAwMDAwLCJkZWxldGUiOjM2MDAwMDAwMDAwMDAsInJlYWQiOjM2MDAwMDAwMDAwMDAsInVwZGF0ZSI6MzYwMDAwMDAwMDAwMH19",
          "dependencies": [
            "module.datacenter.ionoscloud_datacenter.dev_talks",
            "module.ip_block.ionoscloud_ipblock.ip_block",
            "module.lan.ionoscloud_lan.lan"
          ]
        }
      ]
    },
    {
      "module": "module.alb",
      "mode": "managed",
      "type": "ionoscloud_application_loadbalancer_forwardingrule",
      "name": "alb_fr",
      "provider": "provider[\"registry.terraform.io/hashicorp/ionoscloud\"]",
      "instances": []
    },
    {
      "module": "module.alb",
      "mode": "managed",
      "type": "ionoscloud_target_group",
      "name": "target_group",
      "provider": "provider[\"registry.terraform.io/hashicorp/ionoscloud\"]",
      "instances": []
    },
    {
      "module": "module.datacenter",
      "mode": "managed",
      "type": "ionoscloud_datacenter",
      "name": "dev_talks",
      "provider": "provider[\"registry.terraform.io/hashicorp/ionoscloud\"]",
      "instances": [
        {
          "schema_version": 0,
          "attributes": {
            "cpu_architecture": [
              {
                "cpu_family": "INTEL_SKYLAKE",
                "max_cores": 16,
                "max_ram": 32768,
                "vendor": "GenuineIntel"
              }
            ],
            "description": "Datacenter for Dev Talks Demo",
            "features": [
              "cloud-init",
              "cloud-init-private-image",
              "contract-identities",
              "core-vps",
              "cpu-hot-plug",
              "disk-vio-hot-plug",
              "disk-vio-hot-unplug",
              "dynamic-private-ip-range",
              "flow-logs",
              "k8s",
              "k8s-cidr-s3-support",
              "mem-hot-plug",
              "monitoring",
              "nic-hot-plug",
              "nic-hot-unplug",
              "pcc",
              "private-loadbalancer",
              "reseller-specific-config",
              "ssd",
              "ssd-storage-zoning",
              "vm-autoscaling",
              "vnf-alb",
              "vnf-cidr",
              "vnf-fw",
              "vnf-lb",
              "vnf-nat"
            ],
            "id": "9b94dad0-245f-4b19-a1a9-0863fa25e695",
            "location": "de/txl",
            "name": "DevTalksTerraform",
            "sec_auth_protection": false,
            "timeouts": null,
            "version": 5
          },
          "sensitive_attributes": [],
          "private": "eyJlMmJmYjczMC1lY2FhLTExZTYtOGY4OC0zNDM2M2JjN2M0YzAiOnsiY3JlYXRlIjozNjAwMDAwMDAwMDAwLCJkZWZhdWx0IjozNjAwMDAwMDAwMDAwLCJkZWxldGUiOjM2MDAwMDAwMDAwMDAsInJlYWQiOjM2MDAwMDAwMDAwMDAsInVwZGF0ZSI6MzYwMDAwMDAwMDAwMH19"
        }
      ]
    },
    {
      "module": "module.ip_block",
      "mode": "managed",
      "type": "ionoscloud_ipblock",
      "name": "ip_block",
      "provider": "provider[\"registry.terraform.io/hashicorp/ionoscloud\"]",
      "instances": [
        {
          "schema_version": 0,
          "attributes": {
            "id": "3bb6aec4-c894-47cb-94a7-d9507a0f3f73",
            "ip_consumers": [
              {
                "datacenter_id": "9b94dad0-245f-4b19-a1a9-0863fa25e695",
                "datacenter_name": "DevTalksTerraform",
                "ip": "85.215.165.153",
                "k8s_cluster_uuid": "",
                "k8s_nodepool_uuid": "",
                "mac": "06:00:00:00:00:01",
                "nic_id": "f081a96e-c4d6-4566-bc38-68d23088affd",
                "server_id": "75f1bd7c-2247-4579-acde-5ce0e5ef33c2",
                "server_name": "AlbDevTalksTerraform"
              }
            ],
            "ips": [
              "85.215.165.152",
              "85.215.165.155",
              "85.215.165.153",
              "85.215.165.154"
            ],
            "location": "de/txl",
            "name": "DevTalksIpBlock",
            "size": 4,
            "timeouts": null
          },
          "sensitive_attributes": [],
          "private": "eyJlMmJmYjczMC1lY2FhLTExZTYtOGY4OC0zNDM2M2JjN2M0YzAiOnsiY3JlYXRlIjozNjAwMDAwMDAwMDAwLCJkZWZhdWx0IjozNjAwMDAwMDAwMDAwLCJkZWxldGUiOjM2MDAwMDAwMDAwMDAsInJlYWQiOjM2MDAwMDAwMDAwMDAsInVwZGF0ZSI6MzYwMDAwMDAwMDAwMH19"
        }
      ]
    },
    {
      "module": "module.lan[0]",
      "mode": "managed",
      "type": "ionoscloud_lan",
      "name": "lan",
      "provider": "provider[\"registry.terraform.io/hashicorp/ionoscloud\"]",
      "instances": [
        {
          "schema_version": 0,
          "attributes": {
            "datacenter_id": "9b94dad0-245f-4b19-a1a9-0863fa25e695",
            "id": "2",
            "ip_failover": [],
            "name": "lan1DevTalks",
            "pcc": null,
            "public": true,
            "timeouts": null
          },
          "sensitive_attributes": [],
          "private": "eyJlMmJmYjczMC1lY2FhLTExZTYtOGY4OC0zNDM2M2JjN2M0YzAiOnsiY3JlYXRlIjozNjAwMDAwMDAwMDAwLCJkZWZhdWx0IjozNjAwMDAwMDAwMDAwLCJkZWxldGUiOjM2MDAwMDAwMDAwMDAsInJlYWQiOjM2MDAwMDAwMDAwMDAsInVwZGF0ZSI6MzYwMDAwMDAwMDAwMH19",
          "dependencies": [
            "module.datacenter.ionoscloud_datacenter.dev_talks"
          ]
        }
      ]
    },
    {
      "module": "module.lan[1]",
      "mode": "managed",
      "type": "ionoscloud_lan",
      "name": "lan",
      "provider": "provider[\"registry.terraform.io/hashicorp/ionoscloud\"]",
      "instances": [
        {
          "schema_version": 0,
          "attributes": {
            "datacenter_id": "9b94dad0-245f-4b19-a1a9-0863fa25e695",
            "id": "1",
            "ip_failover": [],
            "name": "lan2DevTalks",
            "pcc": null,
            "public": false,
            "timeouts": null
          },
          "sensitive_attributes": [],
          "private": "eyJlMmJmYjczMC1lY2FhLTExZTYtOGY4OC0zNDM2M2JjN2M0YzAiOnsiY3JlYXRlIjozNjAwMDAwMDAwMDAwLCJkZWZhdWx0IjozNjAwMDAwMDAwMDAwLCJkZWxldGUiOjM2MDAwMDAwMDAwMDAsInJlYWQiOjM2MDAwMDAwMDAwMDAsInVwZGF0ZSI6MzYwMDAwMDAwMDAwMH19",
          "dependencies": [
            "module.datacenter.ionoscloud_datacenter.dev_talks"
          ]
        }
      ]
    },
    {
      "module": "module.server[0]",
      "mode": "data",
      "type": "local_file",
      "name": "user_data",
      "provider": "provider[\"registry.terraform.io/hashicorp/local\"]",
      "instances": [
        {
          "schema_version": 0,
          "attributes": {
            "content": "#!/bin/bash\necho \"$(date): user data script started.\" \u003e /tmp/log\n\necho \"$(date): setting up webserver.\" \u003e\u003e /tmp/log\napt-get update -y\napt-get install apache2 php net-tools stress -y\nservice apache2 start\necho 'ForensicLog ${APACHE_LOG_DIR}/forensic_log.log' \u003e\u003e /etc/apache2/apache2.conf\necho 'AddHandler lua-script .lua' \u003e\u003e /etc/apache2/apache2.conf\na2enmod log_forensic lua\nservice apache2 restart\nupdate-rc.d apache2 defaults\n\necho \"$(date): generating webserver content.\" \u003e\u003e /tmp/log\necho \"\u003chtml\u003e\u003cbody\u003e\u003ch1\u003eHello from $(hostname -I)\u003c/h1\u003e\u003c/body\u003e\u003c/html\u003e\" \u003e /var/www/html/index.html\necho \"\u003chtml\u003e\u003cbody\u003e\u003ch1\u003e$(hostname -I)is healthy\u003c/h1\u003e\u003c/body\u003e\u003c/html\u003e\" \u003e /var/www/html/healthy.html\necho \"function handle(r)\n        r.usleep(5000000)\n        return apache2.DECLINED\nend\n\" \u003e /var/www/html/delay.lua\necho \"function handle(r)\n        r.usleep(60000000)\n        return apache2.DECLINED\nend\n\" \u003e /var/www/html/unhealthy.lua\n\necho \"$(date): user data script completed.\" \u003e\u003e /tmp/log\n",
            "content_base64": "IyEvYmluL2Jhc2gKZWNobyAiJChkYXRlKTogdXNlciBkYXRhIHNjcmlwdCBzdGFydGVkLiIgPiAvdG1wL2xvZwoKZWNobyAiJChkYXRlKTogc2V0dGluZyB1cCB3ZWJzZXJ2ZXIuIiA+PiAvdG1wL2xvZwphcHQtZ2V0IHVwZGF0ZSAteQphcHQtZ2V0IGluc3RhbGwgYXBhY2hlMiBwaHAgbmV0LXRvb2xzIHN0cmVzcyAteQpzZXJ2aWNlIGFwYWNoZTIgc3RhcnQKZWNobyAnRm9yZW5zaWNMb2cgJHtBUEFDSEVfTE9HX0RJUn0vZm9yZW5zaWNfbG9nLmxvZycgPj4gL2V0Yy9hcGFjaGUyL2FwYWNoZTIuY29uZgplY2hvICdBZGRIYW5kbGVyIGx1YS1zY3JpcHQgLmx1YScgPj4gL2V0Yy9hcGFjaGUyL2FwYWNoZTIuY29uZgphMmVubW9kIGxvZ19mb3JlbnNpYyBsdWEKc2VydmljZSBhcGFjaGUyIHJlc3RhcnQKdXBkYXRlLXJjLmQgYXBhY2hlMiBkZWZhdWx0cwoKZWNobyAiJChkYXRlKTogZ2VuZXJhdGluZyB3ZWJzZXJ2ZXIgY29udGVudC4iID4+IC90bXAvbG9nCmVjaG8gIjxodG1sPjxib2R5PjxoMT5IZWxsbyBmcm9tICQoaG9zdG5hbWUgLUkpPC9oMT48L2JvZHk+PC9odG1sPiIgPiAvdmFyL3d3dy9odG1sL2luZGV4Lmh0bWwKZWNobyAiPGh0bWw+PGJvZHk+PGgxPiQoaG9zdG5hbWUgLUkpaXMgaGVhbHRoeTwvaDE+PC9ib2R5PjwvaHRtbD4iID4gL3Zhci93d3cvaHRtbC9oZWFsdGh5Lmh0bWwKZWNobyAiZnVuY3Rpb24gaGFuZGxlKHIpCiAgICAgICAgci51c2xlZXAoNTAwMDAwMCkKICAgICAgICByZXR1cm4gYXBhY2hlMi5ERUNMSU5FRAplbmQKIiA+IC92YXIvd3d3L2h0bWwvZGVsYXkubHVhCmVjaG8gImZ1bmN0aW9uIGhhbmRsZShyKQogICAgICAgIHIudXNsZWVwKDYwMDAwMDAwKQogICAgICAgIHJldHVybiBhcGFjaGUyLkRFQ0xJTkVECmVuZAoiID4gL3Zhci93d3cvaHRtbC91bmhlYWx0aHkubHVhCgplY2hvICIkKGRhdGUpOiB1c2VyIGRhdGEgc2NyaXB0IGNvbXBsZXRlZC4iID4+IC90bXAvbG9nCg==",
            "filename": "network/server/../../../scripts/cloud_init_script.sh",
            "id": "22b48281c5ecf15af8161746ef55a2c5454d9c74"
          },
          "sensitive_attributes": []
        }
      ]
    },
    {
      "module": "module.server[0]",
      "mode": "managed",
      "type": "ionoscloud_server",
      "name": "server",
      "provider": "provider[\"registry.terraform.io/hashicorp/ionoscloud\"]",
      "instances": [
        {
          "status": "tainted",
          "schema_version": 0,
          "attributes": {
            "availability_zone": "AUTO",
            "boot_cdrom": null,
            "boot_image": null,
            "boot_volume": null,
            "cores": 2,
            "cpu_family": "INTEL_SKYLAKE",
            "datacenter_id": "9b94dad0-245f-4b19-a1a9-0863fa25e695",
            "firewallrule_id": null,
            "id": "0f57d52d-00a9-41f2-986c-7658d1f92616",
            "image_name": "bf0afefe-c5ce-469a-b6c0-e44832b3a5b2",
            "image_password": null,
            "name": "ws1",
            "nic": [
              {
                "device_number": 0,
                "dhcp": true,
                "firewall": [],
                "firewall_active": false,
                "firewall_type": "INGRESS",
                "ips": [
                  "10.0.3.11"
                ],
                "lan": 1,
                "mac": "",
                "name": "",
                "pci_slot": 0
              }
            ],
            "primary_ip": null,
            "primary_nic": null,
            "ram": 4096,
            "ssh_key_path": [],
            "template_uuid": null,
            "timeouts": null,
            "type": null,
            "volume": [
              {
                "availability_zone": "",
                "backup_unit_id": "",
                "boot_server": "",
                "bus": "",
                "cpu_hot_plug": false,
                "device_number": 0,
                "disc_virtio_hot_plug": false,
                "disc_virtio_hot_unplug": false,
                "disk_type": "HDD",
                "image_password": "",
                "licence_type": "",
                "name": "hdd1",
                "nic_hot_plug": false,
                "nic_hot_unplug": false,
                "pci_slot": 0,
                "ram_hot_plug": false,
                "size": 10,
                "ssh_key_path": [],
                "user_data": "IyEvYmluL2Jhc2gKZWNobyAiJChkYXRlKTogdXNlciBkYXRhIHNjcmlwdCBzdGFydGVkLiIgPiAvdG1wL2xvZwoKZWNobyAiJChkYXRlKTogc2V0dGluZyB1cCB3ZWJzZXJ2ZXIuIiA+PiAvdG1wL2xvZwphcHQtZ2V0IHVwZGF0ZSAteQphcHQtZ2V0IGluc3RhbGwgYXBhY2hlMiBwaHAgbmV0LXRvb2xzIHN0cmVzcyAteQpzZXJ2aWNlIGFwYWNoZTIgc3RhcnQKZWNobyAnRm9yZW5zaWNMb2cgJHtBUEFDSEVfTE9HX0RJUn0vZm9yZW5zaWNfbG9nLmxvZycgPj4gL2V0Yy9hcGFjaGUyL2FwYWNoZTIuY29uZgplY2hvICdBZGRIYW5kbGVyIGx1YS1zY3JpcHQgLmx1YScgPj4gL2V0Yy9hcGFjaGUyL2FwYWNoZTIuY29uZgphMmVubW9kIGxvZ19mb3JlbnNpYyBsdWEKc2VydmljZSBhcGFjaGUyIHJlc3RhcnQKdXBkYXRlLXJjLmQgYXBhY2hlMiBkZWZhdWx0cwoKZWNobyAiJChkYXRlKTogZ2VuZXJhdGluZyB3ZWJzZXJ2ZXIgY29udGVudC4iID4+IC90bXAvbG9nCmVjaG8gIjxodG1sPjxib2R5PjxoMT5IZWxsbyBmcm9tICQoaG9zdG5hbWUgLUkpPC9oMT48L2JvZHk+PC9odG1sPiIgPiAvdmFyL3d3dy9odG1sL2luZGV4Lmh0bWwKZWNobyAiPGh0bWw+PGJvZHk+PGgxPiQoaG9zdG5hbWUgLUkpaXMgaGVhbHRoeTwvaDE+PC9ib2R5PjwvaHRtbD4iID4gL3Zhci93d3cvaHRtbC9oZWFsdGh5Lmh0bWwKZWNobyAiZnVuY3Rpb24gaGFuZGxlKHIpCiAgICAgICAgci51c2xlZXAoNTAwMDAwMCkKICAgICAgICByZXR1cm4gYXBhY2hlMi5ERUNMSU5FRAplbmQKIiA+IC92YXIvd3d3L2h0bWwvZGVsYXkubHVhCmVjaG8gImZ1bmN0aW9uIGhhbmRsZShyKQogICAgICAgIHIudXNsZWVwKDYwMDAwMDAwKQogICAgICAgIHJldHVybiBhcGFjaGUyLkRFQ0xJTkVECmVuZAoiID4gL3Zhci93d3cvaHRtbC91bmhlYWx0aHkubHVhCgplY2hvICIkKGRhdGUpOiB1c2VyIGRhdGEgc2NyaXB0IGNvbXBsZXRlZC4iID4+IC90bXAvbG9nCg=="
              }
            ]
          },
          "sensitive_attributes": [],
          "private": "eyJlMmJmYjczMC1lY2FhLTExZTYtOGY4OC0zNDM2M2JjN2M0YzAiOnsiY3JlYXRlIjozNjAwMDAwMDAwMDAwLCJkZWZhdWx0IjozNjAwMDAwMDAwMDAwLCJkZWxldGUiOjM2MDAwMDAwMDAwMDAsInJlYWQiOjM2MDAwMDAwMDAwMDAsInVwZGF0ZSI6MzYwMDAwMDAwMDAwMH19",
          "dependencies": [
            "module.datacenter.ionoscloud_datacenter.dev_talks",
            "module.lan.ionoscloud_lan.lan",
            "module.server.data.local_file.user_data"
          ]
        }
      ]
    },
    {
      "module": "module.server[1]",
      "mode": "data",
      "type": "local_file",
      "name": "user_data",
      "provider": "provider[\"registry.terraform.io/hashicorp/local\"]",
      "instances": [
        {
          "schema_version": 0,
          "attributes": {
            "content": "#!/bin/bash\necho \"$(date): user data script started.\" \u003e /tmp/log\n\necho \"$(date): setting up webserver.\" \u003e\u003e /tmp/log\napt-get update -y\napt-get install apache2 php net-tools stress -y\nservice apache2 start\necho 'ForensicLog ${APACHE_LOG_DIR}/forensic_log.log' \u003e\u003e /etc/apache2/apache2.conf\necho 'AddHandler lua-script .lua' \u003e\u003e /etc/apache2/apache2.conf\na2enmod log_forensic lua\nservice apache2 restart\nupdate-rc.d apache2 defaults\n\necho \"$(date): generating webserver content.\" \u003e\u003e /tmp/log\necho \"\u003chtml\u003e\u003cbody\u003e\u003ch1\u003eHello from $(hostname -I)\u003c/h1\u003e\u003c/body\u003e\u003c/html\u003e\" \u003e /var/www/html/index.html\necho \"\u003chtml\u003e\u003cbody\u003e\u003ch1\u003e$(hostname -I)is healthy\u003c/h1\u003e\u003c/body\u003e\u003c/html\u003e\" \u003e /var/www/html/healthy.html\necho \"function handle(r)\n        r.usleep(5000000)\n        return apache2.DECLINED\nend\n\" \u003e /var/www/html/delay.lua\necho \"function handle(r)\n        r.usleep(60000000)\n        return apache2.DECLINED\nend\n\" \u003e /var/www/html/unhealthy.lua\n\necho \"$(date): user data script completed.\" \u003e\u003e /tmp/log\n",
            "content_base64": "IyEvYmluL2Jhc2gKZWNobyAiJChkYXRlKTogdXNlciBkYXRhIHNjcmlwdCBzdGFydGVkLiIgPiAvdG1wL2xvZwoKZWNobyAiJChkYXRlKTogc2V0dGluZyB1cCB3ZWJzZXJ2ZXIuIiA+PiAvdG1wL2xvZwphcHQtZ2V0IHVwZGF0ZSAteQphcHQtZ2V0IGluc3RhbGwgYXBhY2hlMiBwaHAgbmV0LXRvb2xzIHN0cmVzcyAteQpzZXJ2aWNlIGFwYWNoZTIgc3RhcnQKZWNobyAnRm9yZW5zaWNMb2cgJHtBUEFDSEVfTE9HX0RJUn0vZm9yZW5zaWNfbG9nLmxvZycgPj4gL2V0Yy9hcGFjaGUyL2FwYWNoZTIuY29uZgplY2hvICdBZGRIYW5kbGVyIGx1YS1zY3JpcHQgLmx1YScgPj4gL2V0Yy9hcGFjaGUyL2FwYWNoZTIuY29uZgphMmVubW9kIGxvZ19mb3JlbnNpYyBsdWEKc2VydmljZSBhcGFjaGUyIHJlc3RhcnQKdXBkYXRlLXJjLmQgYXBhY2hlMiBkZWZhdWx0cwoKZWNobyAiJChkYXRlKTogZ2VuZXJhdGluZyB3ZWJzZXJ2ZXIgY29udGVudC4iID4+IC90bXAvbG9nCmVjaG8gIjxodG1sPjxib2R5PjxoMT5IZWxsbyBmcm9tICQoaG9zdG5hbWUgLUkpPC9oMT48L2JvZHk+PC9odG1sPiIgPiAvdmFyL3d3dy9odG1sL2luZGV4Lmh0bWwKZWNobyAiPGh0bWw+PGJvZHk+PGgxPiQoaG9zdG5hbWUgLUkpaXMgaGVhbHRoeTwvaDE+PC9ib2R5PjwvaHRtbD4iID4gL3Zhci93d3cvaHRtbC9oZWFsdGh5Lmh0bWwKZWNobyAiZnVuY3Rpb24gaGFuZGxlKHIpCiAgICAgICAgci51c2xlZXAoNTAwMDAwMCkKICAgICAgICByZXR1cm4gYXBhY2hlMi5ERUNMSU5FRAplbmQKIiA+IC92YXIvd3d3L2h0bWwvZGVsYXkubHVhCmVjaG8gImZ1bmN0aW9uIGhhbmRsZShyKQogICAgICAgIHIudXNsZWVwKDYwMDAwMDAwKQogICAgICAgIHJldHVybiBhcGFjaGUyLkRFQ0xJTkVECmVuZAoiID4gL3Zhci93d3cvaHRtbC91bmhlYWx0aHkubHVhCgplY2hvICIkKGRhdGUpOiB1c2VyIGRhdGEgc2NyaXB0IGNvbXBsZXRlZC4iID4+IC90bXAvbG9nCg==",
            "filename": "network/server/../../../scripts/cloud_init_script.sh",
            "id": "22b48281c5ecf15af8161746ef55a2c5454d9c74"
          },
          "sensitive_attributes": []
        }
      ]
    },
    {
      "module": "module.server[1]",
      "mode": "managed",
      "type": "ionoscloud_server",
      "name": "server",
      "provider": "provider[\"registry.terraform.io/hashicorp/ionoscloud\"]",
      "instances": [
        {
          "status": "tainted",
          "schema_version": 0,
          "attributes": {
            "availability_zone": "AUTO",
            "boot_cdrom": null,
            "boot_image": null,
            "boot_volume": null,
            "cores": 2,
            "cpu_family": "INTEL_SKYLAKE",
            "datacenter_id": "9b94dad0-245f-4b19-a1a9-0863fa25e695",
            "firewallrule_id": null,
            "id": "abb6a7de-96a1-492e-826d-fc3fb7722b66",
            "image_name": "b3740121-4c7e-4dd3-bc3c-ba8c351a2ab9",
            "image_password": null,
            "name": "ws2",
            "nic": [
              {
                "device_number": 0,
                "dhcp": true,
                "firewall": [],
                "firewall_active": false,
                "firewall_type": "INGRESS",
                "ips": [
                  "10.0.3.12"
                ],
                "lan": 1,
                "mac": "",
                "name": "",
                "pci_slot": 0
              }
            ],
            "primary_ip": null,
            "primary_nic": null,
            "ram": 4096,
            "ssh_key_path": [],
            "template_uuid": null,
            "timeouts": null,
            "type": null,
            "volume": [
              {
                "availability_zone": "",
                "backup_unit_id": "",
                "boot_server": "",
                "bus": "",
                "cpu_hot_plug": false,
                "device_number": 0,
                "disc_virtio_hot_plug": false,
                "disc_virtio_hot_unplug": false,
                "disk_type": "HDD",
                "image_password": "",
                "licence_type": "",
                "name": "hdd2",
                "nic_hot_plug": false,
                "nic_hot_unplug": false,
                "pci_slot": 0,
                "ram_hot_plug": false,
                "size": 10,
                "ssh_key_path": [],
                "user_data": "IyEvYmluL2Jhc2gKZWNobyAiJChkYXRlKTogdXNlciBkYXRhIHNjcmlwdCBzdGFydGVkLiIgPiAvdG1wL2xvZwoKZWNobyAiJChkYXRlKTogc2V0dGluZyB1cCB3ZWJzZXJ2ZXIuIiA+PiAvdG1wL2xvZwphcHQtZ2V0IHVwZGF0ZSAteQphcHQtZ2V0IGluc3RhbGwgYXBhY2hlMiBwaHAgbmV0LXRvb2xzIHN0cmVzcyAteQpzZXJ2aWNlIGFwYWNoZTIgc3RhcnQKZWNobyAnRm9yZW5zaWNMb2cgJHtBUEFDSEVfTE9HX0RJUn0vZm9yZW5zaWNfbG9nLmxvZycgPj4gL2V0Yy9hcGFjaGUyL2FwYWNoZTIuY29uZgplY2hvICdBZGRIYW5kbGVyIGx1YS1zY3JpcHQgLmx1YScgPj4gL2V0Yy9hcGFjaGUyL2FwYWNoZTIuY29uZgphMmVubW9kIGxvZ19mb3JlbnNpYyBsdWEKc2VydmljZSBhcGFjaGUyIHJlc3RhcnQKdXBkYXRlLXJjLmQgYXBhY2hlMiBkZWZhdWx0cwoKZWNobyAiJChkYXRlKTogZ2VuZXJhdGluZyB3ZWJzZXJ2ZXIgY29udGVudC4iID4+IC90bXAvbG9nCmVjaG8gIjxodG1sPjxib2R5PjxoMT5IZWxsbyBmcm9tICQoaG9zdG5hbWUgLUkpPC9oMT48L2JvZHk+PC9odG1sPiIgPiAvdmFyL3d3dy9odG1sL2luZGV4Lmh0bWwKZWNobyAiPGh0bWw+PGJvZHk+PGgxPiQoaG9zdG5hbWUgLUkpaXMgaGVhbHRoeTwvaDE+PC9ib2R5PjwvaHRtbD4iID4gL3Zhci93d3cvaHRtbC9oZWFsdGh5Lmh0bWwKZWNobyAiZnVuY3Rpb24gaGFuZGxlKHIpCiAgICAgICAgci51c2xlZXAoNTAwMDAwMCkKICAgICAgICByZXR1cm4gYXBhY2hlMi5ERUNMSU5FRAplbmQKIiA+IC92YXIvd3d3L2h0bWwvZGVsYXkubHVhCmVjaG8gImZ1bmN0aW9uIGhhbmRsZShyKQogICAgICAgIHIudXNsZWVwKDYwMDAwMDAwKQogICAgICAgIHJldHVybiBhcGFjaGUyLkRFQ0xJTkVECmVuZAoiID4gL3Zhci93d3cvaHRtbC91bmhlYWx0aHkubHVhCgplY2hvICIkKGRhdGUpOiB1c2VyIGRhdGEgc2NyaXB0IGNvbXBsZXRlZC4iID4+IC90bXAvbG9nCg=="
              }
            ]
          },
          "sensitive_attributes": [],
          "private": "eyJlMmJmYjczMC1lY2FhLTExZTYtOGY4OC0zNDM2M2JjN2M0YzAiOnsiY3JlYXRlIjozNjAwMDAwMDAwMDAwLCJkZWZhdWx0IjozNjAwMDAwMDAwMDAwLCJkZWxldGUiOjM2MDAwMDAwMDAwMDAsInJlYWQiOjM2MDAwMDAwMDAwMDAsInVwZGF0ZSI6MzYwMDAwMDAwMDAwMH19",
          "dependencies": [
            "module.datacenter.ionoscloud_datacenter.dev_talks",
            "module.lan.ionoscloud_lan.lan",
            "module.server.data.local_file.user_data"
          ]
        }
      ]
    }
  ]
}
