{
  "version": 4,
  "terraform_version": "1.1.7",
  "serial": 99,
  "lineage": "231c37d7-985b-68e4-1ee9-4656bdcca6c4",
  "outputs": {
    "alb_connection_ip": {
      "value": "85.215.165.12",
      "type": "string"
    }
  },
  "resources": [
    {
      "module": "module.alb",
      "mode": "managed",
      "type": "ionoscloud_application_loadbalancer",
      "name": "alb",
      "provider": "provider[\"registry.terraform.io/hashicorp/ionoscloud\"]",
      "instances": [
        {
          "schema_version": 0,
          "attributes": {
            "datacenter_id": "4c3e5c20-bcea-4bff-9fc9-69289bb81faa",
            "id": "5c4d5ce4-585e-4f5a-a625-3b70593a40ac",
            "ips": [
              "85.215.165.12"
            ],
            "lb_private_ips": [
              "10.0.3.10/23"
            ],
            "listener_lan": 2,
            "name": "AlbDevTalksTerraform",
            "target_lan": 1,
            "timeouts": null
          },
          "sensitive_attributes": [],
          "private": "eyJlMmJmYjczMC1lY2FhLTExZTYtOGY4OC0zNDM2M2JjN2M0YzAiOnsiY3JlYXRlIjozNjAwMDAwMDAwMDAwLCJkZWZhdWx0IjozNjAwMDAwMDAwMDAwLCJkZWxldGUiOjM2MDAwMDAwMDAwMDAsInJlYWQiOjM2MDAwMDAwMDAwMDAsInVwZGF0ZSI6MzYwMDAwMDAwMDAwMH19",
          "dependencies": [
            "module.datacenter.ionoscloud_datacenter.dev_talks",
            "module.ip_block.ionoscloud_ipblock.ip_block",
            "module.lan.ionoscloud_lan.lan"
          ]
        }
      ]
    },
    {
      "module": "module.alb",
      "mode": "managed",
      "type": "ionoscloud_application_loadbalancer_forwardingrule",
      "name": "alb_fr",
      "provider": "provider[\"registry.terraform.io/hashicorp/ionoscloud\"]",
      "instances": [
        {
          "schema_version": 0,
          "attributes": {
            "application_loadbalancer_id": "5c4d5ce4-585e-4f5a-a625-3b70593a40ac",
            "client_timeout": 100000,
            "datacenter_id": "4c3e5c20-bcea-4bff-9fc9-69289bb81faa",
            "http_rules": [
              {
                "conditions": [
                  {
                    "condition": "ENDS_WITH",
                    "key": "goto",
                    "negate": false,
                    "type": "QUERY",
                    "value": "onos"
                  }
                ],
                "content_type": "",
                "drop_query": true,
                "location": "https://ionos.com",
                "name": "redirect",
                "response_message": "",
                "status_code": 301,
                "target_group": "",
                "type": "REDIRECT"
              },
              {
                "conditions": [],
                "content_type": "",
                "drop_query": false,
                "location": "",
                "name": "alb_to_webserver",
                "response_message": "",
                "status_code": 0,
                "target_group": "aa845a05-fe32-4498-9320-4869170812c1",
                "type": "FORWARD"
              }
            ],
            "id": "40933b94-7b77-459b-8960-6ac2b1ce64c2",
            "listener_ip": "85.215.165.12",
            "listener_port": 80,
            "name": "Rule",
            "protocol": "HTTP",
            "server_certificates": null,
            "timeouts": null
          },
          "sensitive_attributes": [],
          "private": "eyJlMmJmYjczMC1lY2FhLTExZTYtOGY4OC0zNDM2M2JjN2M0YzAiOnsiY3JlYXRlIjozNjAwMDAwMDAwMDAwLCJkZWZhdWx0IjozNjAwMDAwMDAwMDAwLCJkZWxldGUiOjM2MDAwMDAwMDAwMDAsInJlYWQiOjM2MDAwMDAwMDAwMDAsInVwZGF0ZSI6MzYwMDAwMDAwMDAwMH19",
          "dependencies": [
            "module.alb.ionoscloud_application_loadbalancer.alb",
            "module.alb.ionoscloud_target_group.target_group",
            "module.datacenter.ionoscloud_datacenter.dev_talks",
            "module.ip_block.ionoscloud_ipblock.ip_block",
            "module.lan.ionoscloud_lan.lan",
            "module.server.ionoscloud_server.server"
          ]
        }
      ]
    },
    {
      "module": "module.alb",
      "mode": "managed",
      "type": "ionoscloud_target_group",
      "name": "target_group",
      "provider": "provider[\"registry.terraform.io/hashicorp/ionoscloud\"]",
      "instances": [
        {
          "schema_version": 0,
          "attributes": {
            "algorithm": "ROUND_ROBIN",
            "health_check": [
              {
                "check_interval": 2000,
                "check_timeout": 0,
                "retries": 3
              }
            ],
            "http_health_check": null,
            "id": "aa845a05-fe32-4498-9320-4869170812c1",
            "name": "TGDevTalksTerraform",
            "protocol": "HTTP",
            "targets": [
              {
                "health_check_enabled": false,
                "ip": "10.0.3.11",
                "maintenance_enabled": false,
                "port": 80,
                "weight": 1
              },
              {
                "health_check_enabled": false,
                "ip": "10.0.3.12",
                "maintenance_enabled": false,
                "port": 80,
                "weight": 1
              }
            ],
            "timeouts": null
          },
          "sensitive_attributes": [],
          "private": "eyJlMmJmYjczMC1lY2FhLTExZTYtOGY4OC0zNDM2M2JjN2M0YzAiOnsiY3JlYXRlIjozNjAwMDAwMDAwMDAwLCJkZWZhdWx0IjozNjAwMDAwMDAwMDAwLCJkZWxldGUiOjM2MDAwMDAwMDAwMDAsInJlYWQiOjM2MDAwMDAwMDAwMDAsInVwZGF0ZSI6MzYwMDAwMDAwMDAwMH19",
          "dependencies": [
            "module.datacenter.ionoscloud_datacenter.dev_talks",
            "module.lan.ionoscloud_lan.lan",
            "module.server.ionoscloud_server.server"
          ]
        }
      ]
    },
    {
      "module": "module.datacenter",
      "mode": "managed",
      "type": "ionoscloud_datacenter",
      "name": "dev_talks",
      "provider": "provider[\"registry.terraform.io/hashicorp/ionoscloud\"]",
      "instances": [
        {
          "schema_version": 0,
          "attributes": {
            "cpu_architecture": [
              {
                "cpu_family": "INTEL_SKYLAKE",
                "max_cores": 16,
                "max_ram": 32768,
                "vendor": "GenuineIntel"
              }
            ],
            "description": "Datacenter for Dev Talks Demo",
            "features": [
              "cloud-init",
              "cloud-init-private-image",
              "contract-identities",
              "core-vps",
              "cpu-hot-plug",
              "disk-vio-hot-plug",
              "disk-vio-hot-unplug",
              "dynamic-private-ip-range",
              "flow-logs",
              "k8s",
              "k8s-cidr-s3-support",
              "mem-hot-plug",
              "monitoring",
              "nic-hot-plug",
              "nic-hot-unplug",
              "pcc",
              "private-loadbalancer",
              "reseller-specific-config",
              "ssd",
              "ssd-storage-zoning",
              "vm-autoscaling",
              "vnf-alb",
              "vnf-cidr",
              "vnf-fw",
              "vnf-lb",
              "vnf-nat"
            ],
            "id": "4c3e5c20-bcea-4bff-9fc9-69289bb81faa",
            "location": "de/txl",
            "name": "DevTalksTerraform",
            "sec_auth_protection": false,
            "timeouts": null,
            "version": 2
          },
          "sensitive_attributes": [],
          "private": "eyJlMmJmYjczMC1lY2FhLTExZTYtOGY4OC0zNDM2M2JjN2M0YzAiOnsiY3JlYXRlIjozNjAwMDAwMDAwMDAwLCJkZWZhdWx0IjozNjAwMDAwMDAwMDAwLCJkZWxldGUiOjM2MDAwMDAwMDAwMDAsInJlYWQiOjM2MDAwMDAwMDAwMDAsInVwZGF0ZSI6MzYwMDAwMDAwMDAwMH19"
        }
      ]
    },
    {
      "module": "module.ip_block",
      "mode": "managed",
      "type": "ionoscloud_ipblock",
      "name": "ip_block",
      "provider": "provider[\"registry.terraform.io/hashicorp/ionoscloud\"]",
      "instances": [
        {
          "schema_version": 0,
          "attributes": {
            "id": "80574298-454f-46f9-8206-230e6f480fe8",
            "ip_consumers": null,
            "ips": [
              "85.215.165.12"
            ],
            "location": "de/txl",
            "name": "DevTalksIpBlock",
            "size": 1,
            "timeouts": null
          },
          "sensitive_attributes": [],
          "private": "eyJlMmJmYjczMC1lY2FhLTExZTYtOGY4OC0zNDM2M2JjN2M0YzAiOnsiY3JlYXRlIjozNjAwMDAwMDAwMDAwLCJkZWZhdWx0IjozNjAwMDAwMDAwMDAwLCJkZWxldGUiOjM2MDAwMDAwMDAwMDAsInJlYWQiOjM2MDAwMDAwMDAwMDAsInVwZGF0ZSI6MzYwMDAwMDAwMDAwMH19"
        }
      ]
    },
    {
      "module": "module.lan[0]",
      "mode": "managed",
      "type": "ionoscloud_lan",
      "name": "lan",
      "provider": "provider[\"registry.terraform.io/hashicorp/ionoscloud\"]",
      "instances": [
        {
          "schema_version": 0,
          "attributes": {
            "datacenter_id": "4c3e5c20-bcea-4bff-9fc9-69289bb81faa",
            "id": "2",
            "ip_failover": null,
            "name": "lan1DevTalks",
            "pcc": null,
            "public": true,
            "timeouts": null
          },
          "sensitive_attributes": [],
          "private": "eyJlMmJmYjczMC1lY2FhLTExZTYtOGY4OC0zNDM2M2JjN2M0YzAiOnsiY3JlYXRlIjozNjAwMDAwMDAwMDAwLCJkZWZhdWx0IjozNjAwMDAwMDAwMDAwLCJkZWxldGUiOjM2MDAwMDAwMDAwMDAsInJlYWQiOjM2MDAwMDAwMDAwMDAsInVwZGF0ZSI6MzYwMDAwMDAwMDAwMH19",
          "dependencies": [
            "module.datacenter.ionoscloud_datacenter.dev_talks"
          ]
        }
      ]
    },
    {
      "module": "module.lan[1]",
      "mode": "managed",
      "type": "ionoscloud_lan",
      "name": "lan",
      "provider": "provider[\"registry.terraform.io/hashicorp/ionoscloud\"]",
      "instances": [
        {
          "schema_version": 0,
          "attributes": {
            "datacenter_id": "4c3e5c20-bcea-4bff-9fc9-69289bb81faa",
            "id": "1",
            "ip_failover": null,
            "name": "lan2DevTalks",
            "pcc": null,
            "public": false,
            "timeouts": null
          },
          "sensitive_attributes": [],
          "private": "eyJlMmJmYjczMC1lY2FhLTExZTYtOGY4OC0zNDM2M2JjN2M0YzAiOnsiY3JlYXRlIjozNjAwMDAwMDAwMDAwLCJkZWZhdWx0IjozNjAwMDAwMDAwMDAwLCJkZWxldGUiOjM2MDAwMDAwMDAwMDAsInJlYWQiOjM2MDAwMDAwMDAwMDAsInVwZGF0ZSI6MzYwMDAwMDAwMDAwMH19",
          "dependencies": [
            "module.datacenter.ionoscloud_datacenter.dev_talks"
          ]
        }
      ]
    },
    {
      "module": "module.server[0]",
      "mode": "managed",
      "type": "ionoscloud_server",
      "name": "server",
      "provider": "provider[\"registry.terraform.io/hashicorp/ionoscloud\"]",
      "instances": [
        {
          "schema_version": 0,
          "attributes": {
            "availability_zone": "AUTO",
            "boot_cdrom": null,
            "boot_image": "a074d022-a66d-4ce7-a024-29b15421ef98",
            "boot_volume": "971cbb40-2452-4b56-ba80-70d779713a21",
            "cores": 2,
            "cpu_family": "INTEL_SKYLAKE",
            "datacenter_id": "4c3e5c20-bcea-4bff-9fc9-69289bb81faa",
            "firewallrule_id": null,
            "id": "69430655-4e75-4887-9a4c-021f613012ac",
            "image_name": "a074d022-a66d-4ce7-a024-29b15421ef98",
            "image_password": null,
            "name": "ws1",
            "nic": [
              {
                "device_number": 0,
                "dhcp": true,
                "firewall": [],
                "firewall_active": false,
                "firewall_type": "INGRESS",
                "ips": [
                  "10.0.3.11"
                ],
                "lan": 1,
                "mac": "02:01:47:f6:8b:f6",
                "name": "",
                "pci_slot": 0
              }
            ],
            "primary_ip": "10.0.3.11",
            "primary_nic": "0b549245-00b3-482c-a0b6-de0a74f33b9c",
            "ram": 4096,
            "ssh_key_path": [],
            "template_uuid": null,
            "timeouts": null,
            "type": "ENTERPRISE",
            "volume": [
              {
                "availability_zone": "AUTO",
                "backup_unit_id": "",
                "boot_server": "69430655-4e75-4887-9a4c-021f613012ac",
                "bus": "VIRTIO",
                "cpu_hot_plug": true,
                "device_number": 1,
                "disc_virtio_hot_plug": true,
                "disc_virtio_hot_unplug": true,
                "disk_type": "HDD",
                "image_password": "",
                "licence_type": "LINUX",
                "name": "hdd1",
                "nic_hot_plug": true,
                "nic_hot_unplug": true,
                "pci_slot": 0,
                "ram_hot_plug": true,
                "size": 10,
                "ssh_key_path": [],
                "user_data": ""
              }
            ]
          },
          "sensitive_attributes": [],
          "private": "eyJlMmJmYjczMC1lY2FhLTExZTYtOGY4OC0zNDM2M2JjN2M0YzAiOnsiY3JlYXRlIjozNjAwMDAwMDAwMDAwLCJkZWZhdWx0IjozNjAwMDAwMDAwMDAwLCJkZWxldGUiOjM2MDAwMDAwMDAwMDAsInJlYWQiOjM2MDAwMDAwMDAwMDAsInVwZGF0ZSI6MzYwMDAwMDAwMDAwMH19",
          "dependencies": [
            "module.datacenter.ionoscloud_datacenter.dev_talks",
            "module.lan.ionoscloud_lan.lan"
          ]
        }
      ]
    },
    {
      "module": "module.server[1]",
      "mode": "managed",
      "type": "ionoscloud_server",
      "name": "server",
      "provider": "provider[\"registry.terraform.io/hashicorp/ionoscloud\"]",
      "instances": [
        {
          "schema_version": 0,
          "attributes": {
            "availability_zone": "AUTO",
            "boot_cdrom": null,
            "boot_image": "3c68e466-62fd-4a03-8115-c39fc580b95a",
            "boot_volume": "3f764291-b4f2-4fef-949d-20b8acdeb6cd",
            "cores": 2,
            "cpu_family": "INTEL_SKYLAKE",
            "datacenter_id": "4c3e5c20-bcea-4bff-9fc9-69289bb81faa",
            "firewallrule_id": null,
            "id": "53a000f7-cade-464c-a584-202d01b1f505",
            "image_name": "3c68e466-62fd-4a03-8115-c39fc580b95a",
            "image_password": null,
            "name": "ws2",
            "nic": [
              {
                "device_number": 0,
                "dhcp": true,
                "firewall": [],
                "firewall_active": false,
                "firewall_type": "INGRESS",
                "ips": [
                  "10.0.3.12"
                ],
                "lan": 1,
                "mac": "02:01:ce:14:09:bd",
                "name": "",
                "pci_slot": 0
              }
            ],
            "primary_ip": "10.0.3.12",
            "primary_nic": "7af07316-4a44-4361-9932-afdf2b99bb64",
            "ram": 4096,
            "ssh_key_path": [],
            "template_uuid": null,
            "timeouts": null,
            "type": "ENTERPRISE",
            "volume": [
              {
                "availability_zone": "AUTO",
                "backup_unit_id": "",
                "boot_server": "53a000f7-cade-464c-a584-202d01b1f505",
                "bus": "VIRTIO",
                "cpu_hot_plug": true,
                "device_number": 1,
                "disc_virtio_hot_plug": true,
                "disc_virtio_hot_unplug": true,
                "disk_type": "HDD",
                "image_password": "",
                "licence_type": "LINUX",
                "name": "hdd2",
                "nic_hot_plug": true,
                "nic_hot_unplug": true,
                "pci_slot": 0,
                "ram_hot_plug": true,
                "size": 10,
                "ssh_key_path": [],
                "user_data": ""
              }
            ]
          },
          "sensitive_attributes": [],
          "private": "eyJlMmJmYjczMC1lY2FhLTExZTYtOGY4OC0zNDM2M2JjN2M0YzAiOnsiY3JlYXRlIjozNjAwMDAwMDAwMDAwLCJkZWZhdWx0IjozNjAwMDAwMDAwMDAwLCJkZWxldGUiOjM2MDAwMDAwMDAwMDAsInJlYWQiOjM2MDAwMDAwMDAwMDAsInVwZGF0ZSI6MzYwMDAwMDAwMDAwMH19",
          "dependencies": [
            "module.datacenter.ionoscloud_datacenter.dev_talks",
            "module.lan.ionoscloud_lan.lan"
          ]
        }
      ]
    }
  ]
}
