{
  "version": 4,
  "terraform_version": "1.1.7",
  "serial": 23,
  "lineage": "e209382e-149a-5e83-93b7-26313ae2b71f",
  "outputs": {},
  "resources": [
    {
      "mode": "data",
      "type": "ionoscloud_datacenter",
      "name": "dev_talks",
      "provider": "provider[\"registry.terraform.io/hashicorp/ionoscloud\"]",
      "instances": [
        {
          "schema_version": 0,
          "attributes": {
            "cpu_architecture": [
              {
                "cpu_family": "INTEL_SKYLAKE",
                "max_cores": 4,
                "max_ram": 20480,
                "vendor": "GenuineIntel"
              }
            ],
            "description": null,
            "features": [
              "cloud-init",
              "cloud-init-private-image",
              "contract-identities",
              "core-vps",
              "cpu-hot-plug",
              "disk-vio-hot-plug",
              "disk-vio-hot-unplug",
              "dynamic-private-ip-range",
              "flow-logs",
              "k8s",
              "k8s-cidr-s3-support",
              "mem-hot-plug",
              "monitoring",
              "nic-hot-plug",
              "nic-hot-unplug",
              "pcc",
              "private-loadbalancer",
              "reseller-specific-config",
              "ssd",
              "ssd-storage-zoning",
              "vm-autoscaling",
              "vnf-alb",
              "vnf-cidr",
              "vnf-fw",
              "vnf-lb",
              "vnf-nat"
            ],
            "id": "d8e8ff24-6df5-40f6-8045-ba2a741dd173",
            "location": "de/txl",
            "name": "DevTalksDatacenter",
            "sec_auth_protection": false,
            "timeouts": null,
            "version": 11
          },
          "sensitive_attributes": []
        }
      ]
    },
    {
      "module": "module.alb",
      "mode": "managed",
      "type": "ionoscloud_application_loadbalancer",
      "name": "alb",
      "provider": "provider[\"registry.terraform.io/hashicorp/ionoscloud\"]",
      "instances": [
        {
          "schema_version": 0,
          "attributes": {
            "datacenter_id": "d8e8ff24-6df5-40f6-8045-ba2a741dd173",
            "id": "eecfc50b-fef4-4e88-80ab-4a8f91e8e583",
            "ips": [
              "10.12.118.224"
            ],
            "lb_private_ips": [
              "10.13.72.225/24"
            ],
            "listener_lan": 3,
            "name": "DevTalksAlb",
            "target_lan": 2,
            "timeouts": null
          },
          "sensitive_attributes": [],
          "private": "eyJlMmJmYjczMC1lY2FhLTExZTYtOGY4OC0zNDM2M2JjN2M0YzAiOnsiY3JlYXRlIjozNjAwMDAwMDAwMDAwLCJkZWZhdWx0IjozNjAwMDAwMDAwMDAwLCJkZWxldGUiOjM2MDAwMDAwMDAwMDAsInJlYWQiOjM2MDAwMDAwMDAwMDAsInVwZGF0ZSI6MzYwMDAwMDAwMDAwMH19",
          "dependencies": [
            "data.ionoscloud_datacenter.dev_talks",
            "module.lan.ionoscloud_lan.lan"
          ]
        }
      ]
    },
    {
      "module": "module.lan[0]",
      "mode": "managed",
      "type": "ionoscloud_lan",
      "name": "lan",
      "provider": "provider[\"registry.terraform.io/hashicorp/ionoscloud\"]",
      "instances": [
        {
          "schema_version": 0,
          "attributes": {
            "datacenter_id": "d8e8ff24-6df5-40f6-8045-ba2a741dd173",
            "id": "3",
            "ip_failover": [],
            "name": "DevTalksLan1",
            "pcc": null,
            "public": false,
            "timeouts": null
          },
          "sensitive_attributes": [],
          "private": "eyJlMmJmYjczMC1lY2FhLTExZTYtOGY4OC0zNDM2M2JjN2M0YzAiOnsiY3JlYXRlIjozNjAwMDAwMDAwMDAwLCJkZWZhdWx0IjozNjAwMDAwMDAwMDAwLCJkZWxldGUiOjM2MDAwMDAwMDAwMDAsInJlYWQiOjM2MDAwMDAwMDAwMDAsInVwZGF0ZSI6MzYwMDAwMDAwMDAwMH19",
          "dependencies": [
            "data.ionoscloud_datacenter.dev_talks"
          ]
        }
      ]
    },
    {
      "module": "module.lan[1]",
      "mode": "managed",
      "type": "ionoscloud_lan",
      "name": "lan",
      "provider": "provider[\"registry.terraform.io/hashicorp/ionoscloud\"]",
      "instances": [
        {
          "schema_version": 0,
          "attributes": {
            "datacenter_id": "d8e8ff24-6df5-40f6-8045-ba2a741dd173",
            "id": "2",
            "ip_failover": [],
            "name": "DevTalksLan2",
            "pcc": null,
            "public": false,
            "timeouts": null
          },
          "sensitive_attributes": [],
          "private": "eyJlMmJmYjczMC1lY2FhLTExZTYtOGY4OC0zNDM2M2JjN2M0YzAiOnsiY3JlYXRlIjozNjAwMDAwMDAwMDAwLCJkZWZhdWx0IjozNjAwMDAwMDAwMDAwLCJkZWxldGUiOjM2MDAwMDAwMDAwMDAsInJlYWQiOjM2MDAwMDAwMDAwMDAsInVwZGF0ZSI6MzYwMDAwMDAwMDAwMH19",
          "dependencies": [
            "data.ionoscloud_datacenter.dev_talks"
          ]
        }
      ]
    }
  ]
}
