{
  "version": 4,
  "terraform_version": "1.1.7",
  "serial": 16,
  "lineage": "8af8a3f9-b12c-c91b-1759-3e64daef3b1d",
  "outputs": {
    "alb_connection_ip": {
      "value": "85.215.165.153",
      "type": "string"
    }
  },
  "resources": [
    {
      "module": "module.alb",
      "mode": "managed",
      "type": "ionoscloud_application_loadbalancer",
      "name": "alb",
      "provider": "provider[\"registry.terraform.io/hashicorp/ionoscloud\"]",
      "instances": [
        {
          "schema_version": 0,
          "attributes": {
            "datacenter_id": "9b94dad0-245f-4b19-a1a9-0863fa25e695",
            "id": "75f1bd7c-2247-4579-acde-5ce0e5ef33c2",
            "ips": [
              "85.215.165.153"
            ],
            "lb_private_ips": [
              "10.0.3.10/23"
            ],
            "listener_lan": 2,
            "name": "AlbDevTalksTerraform",
            "target_lan": 1,
            "timeouts": null
          },
          "sensitive_attributes": [],
          "private": "eyJlMmJmYjczMC1lY2FhLTExZTYtOGY4OC0zNDM2M2JjN2M0YzAiOnsiY3JlYXRlIjozNjAwMDAwMDAwMDAwLCJkZWZhdWx0IjozNjAwMDAwMDAwMDAwLCJkZWxldGUiOjM2MDAwMDAwMDAwMDAsInJlYWQiOjM2MDAwMDAwMDAwMDAsInVwZGF0ZSI6MzYwMDAwMDAwMDAwMH19",
          "dependencies": [
            "module.datacenter.ionoscloud_datacenter.dev_talks",
            "module.ip_block.ionoscloud_ipblock.ip_block",
            "module.lan.ionoscloud_lan.lan"
          ]
        }
      ]
    },
    {
      "module": "module.alb",
      "mode": "managed",
      "type": "ionoscloud_application_loadbalancer_forwardingrule",
      "name": "alb_fr",
      "provider": "provider[\"registry.terraform.io/hashicorp/ionoscloud\"]",
      "instances": [
        {
          "schema_version": 0,
          "attributes": {
            "application_loadbalancer_id": "75f1bd7c-2247-4579-acde-5ce0e5ef33c2",
            "client_timeout": 100000,
            "datacenter_id": "9b94dad0-245f-4b19-a1a9-0863fa25e695",
            "http_rules": [
              {
                "conditions": [
                  {
                    "condition": "ENDS_WITH",
                    "key": "goto",
                    "negate": false,
                    "type": "QUERY",
                    "value": "onos"
                  }
                ],
                "content_type": "",
                "drop_query": true,
                "location": "https://ionos.com",
                "name": "redirect",
                "response_message": "",
                "status_code": 301,
                "target_group": "",
                "type": "REDIRECT"
              },
              {
                "conditions": [
                  {
                    "condition": "MATCHES",
                    "key": "",
                    "negate": false,
                    "type": "PATH",
                    "value": "/(503|ouch|oops)"
                  }
                ],
                "content_type": "text/html",
                "drop_query": false,
                "location": "",
                "name": "static_ouch",
                "response_message": "\u003chtml\u003e   \u003chead\u003e     \u003cstyle type=\\\"text/css\\\"\u003e     .center-screen {       display: flex;       flex-direction: column;       justify-content: center;       align-items: center;       text-align: center;       min-height: 100vh;       font-family: Arial, Helvetica, sans-serif;       font-weight: bold;       font-size: 100px;     }     \u003c/style\u003e   \u003c/head\u003e    \u003cbody\u003e     \u003cdiv class=\\\"center-screen\\\"\u003eError 503. Ouch!\u003c/div\u003e   \u003c/body\u003e \u003c/html\u003e",
                "status_code": 503,
                "target_group": "",
                "type": "STATIC"
              },
              {
                "conditions": [],
                "content_type": "",
                "drop_query": false,
                "location": "",
                "name": "alb_to_webserver",
                "response_message": "",
                "status_code": 0,
                "target_group": "93b584f1-bc6a-4def-8891-7387cde42670",
                "type": "FORWARD"
              }
            ],
            "id": "17d25150-6825-452f-aa11-ac352333a983",
            "listener_ip": "85.215.165.153",
            "listener_port": 80,
            "name": "Rule",
            "protocol": "HTTP",
            "server_certificates": null,
            "timeouts": null
          },
          "sensitive_attributes": [],
          "private": "eyJlMmJmYjczMC1lY2FhLTExZTYtOGY4OC0zNDM2M2JjN2M0YzAiOnsiY3JlYXRlIjozNjAwMDAwMDAwMDAwLCJkZWZhdWx0IjozNjAwMDAwMDAwMDAwLCJkZWxldGUiOjM2MDAwMDAwMDAwMDAsInJlYWQiOjM2MDAwMDAwMDAwMDAsInVwZGF0ZSI6MzYwMDAwMDAwMDAwMH19",
          "dependencies": [
            "module.alb.ionoscloud_application_loadbalancer.alb",
            "module.alb.ionoscloud_target_group.target_group",
            "module.datacenter.ionoscloud_datacenter.dev_talks",
            "module.ip_block.ionoscloud_ipblock.ip_block",
            "module.lan.ionoscloud_lan.lan",
            "module.server.ionoscloud_server.server"
          ]
        }
      ]
    },
    {
      "module": "module.alb",
      "mode": "managed",
      "type": "ionoscloud_target_group",
      "name": "target_group",
      "provider": "provider[\"registry.terraform.io/hashicorp/ionoscloud\"]",
      "instances": [
        {
          "schema_version": 0,
          "attributes": {
            "algorithm": "ROUND_ROBIN",
            "health_check": [
              {
                "check_interval": 2000,
                "check_timeout": 0,
                "retries": 3
              }
            ],
            "http_health_check": null,
            "id": "93b584f1-bc6a-4def-8891-7387cde42670",
            "name": "TGDevTalksTerraform",
            "protocol": "HTTP",
            "targets": [
              {
                "health_check_enabled": false,
                "ip": "10.0.3.11",
                "maintenance_enabled": false,
                "port": 80,
                "weight": 1
              },
              {
                "health_check_enabled": false,
                "ip": "10.0.3.12",
                "maintenance_enabled": false,
                "port": 80,
                "weight": 1
              }
            ],
            "timeouts": null
          },
          "sensitive_attributes": [],
          "private": "eyJlMmJmYjczMC1lY2FhLTExZTYtOGY4OC0zNDM2M2JjN2M0YzAiOnsiY3JlYXRlIjozNjAwMDAwMDAwMDAwLCJkZWZhdWx0IjozNjAwMDAwMDAwMDAwLCJkZWxldGUiOjM2MDAwMDAwMDAwMDAsInJlYWQiOjM2MDAwMDAwMDAwMDAsInVwZGF0ZSI6MzYwMDAwMDAwMDAwMH19",
          "dependencies": [
            "module.datacenter.ionoscloud_datacenter.dev_talks",
            "module.lan.ionoscloud_lan.lan",
            "module.server.ionoscloud_server.server"
          ]
        }
      ]
    },
    {
      "module": "module.datacenter",
      "mode": "managed",
      "type": "ionoscloud_datacenter",
      "name": "dev_talks",
      "provider": "provider[\"registry.terraform.io/hashicorp/ionoscloud\"]",
      "instances": [
        {
          "schema_version": 0,
          "attributes": {
            "cpu_architecture": [
              {
                "cpu_family": "INTEL_SKYLAKE",
                "max_cores": 16,
                "max_ram": 32768,
                "vendor": "GenuineIntel"
              }
            ],
            "description": "Datacenter for Dev Talks Demo",
            "features": [
              "cloud-init",
              "cloud-init-private-image",
              "contract-identities",
              "core-vps",
              "cpu-hot-plug",
              "disk-vio-hot-plug",
              "disk-vio-hot-unplug",
              "dynamic-private-ip-range",
              "flow-logs",
              "k8s",
              "k8s-cidr-s3-support",
              "mem-hot-plug",
              "monitoring",
              "nic-hot-plug",
              "nic-hot-unplug",
              "pcc",
              "private-loadbalancer",
              "reseller-specific-config",
              "ssd",
              "ssd-storage-zoning",
              "vm-autoscaling",
              "vnf-alb",
              "vnf-cidr",
              "vnf-fw",
              "vnf-lb",
              "vnf-nat"
            ],
            "id": "9b94dad0-245f-4b19-a1a9-0863fa25e695",
            "location": "de/txl",
            "name": "DevTalksTerraform",
            "sec_auth_protection": false,
            "timeouts": null,
            "version": 5
          },
          "sensitive_attributes": [],
          "private": "eyJlMmJmYjczMC1lY2FhLTExZTYtOGY4OC0zNDM2M2JjN2M0YzAiOnsiY3JlYXRlIjozNjAwMDAwMDAwMDAwLCJkZWZhdWx0IjozNjAwMDAwMDAwMDAwLCJkZWxldGUiOjM2MDAwMDAwMDAwMDAsInJlYWQiOjM2MDAwMDAwMDAwMDAsInVwZGF0ZSI6MzYwMDAwMDAwMDAwMH19"
        }
      ]
    },
    {
      "module": "module.ip_block",
      "mode": "managed",
      "type": "ionoscloud_ipblock",
      "name": "ip_block",
      "provider": "provider[\"registry.terraform.io/hashicorp/ionoscloud\"]",
      "instances": [
        {
          "schema_version": 0,
          "attributes": {
            "id": "3bb6aec4-c894-47cb-94a7-d9507a0f3f73",
            "ip_consumers": [
              {
                "datacenter_id": "9b94dad0-245f-4b19-a1a9-0863fa25e695",
                "datacenter_name": "DevTalksTerraform",
                "ip": "85.215.165.153",
                "k8s_cluster_uuid": "",
                "k8s_nodepool_uuid": "",
                "mac": "06:00:00:00:00:01",
                "nic_id": "f081a96e-c4d6-4566-bc38-68d23088affd",
                "server_id": "75f1bd7c-2247-4579-acde-5ce0e5ef33c2",
                "server_name": "AlbDevTalksTerraform"
              }
            ],
            "ips": [
              "85.215.165.152",
              "85.215.165.155",
              "85.215.165.153",
              "85.215.165.154"
            ],
            "location": "de/txl",
            "name": "DevTalksIpBlock",
            "size": 4,
            "timeouts": null
          },
          "sensitive_attributes": [],
          "private": "eyJlMmJmYjczMC1lY2FhLTExZTYtOGY4OC0zNDM2M2JjN2M0YzAiOnsiY3JlYXRlIjozNjAwMDAwMDAwMDAwLCJkZWZhdWx0IjozNjAwMDAwMDAwMDAwLCJkZWxldGUiOjM2MDAwMDAwMDAwMDAsInJlYWQiOjM2MDAwMDAwMDAwMDAsInVwZGF0ZSI6MzYwMDAwMDAwMDAwMH19"
        }
      ]
    },
    {
      "module": "module.lan[0]",
      "mode": "managed",
      "type": "ionoscloud_lan",
      "name": "lan",
      "provider": "provider[\"registry.terraform.io/hashicorp/ionoscloud\"]",
      "instances": [
        {
          "schema_version": 0,
          "attributes": {
            "datacenter_id": "9b94dad0-245f-4b19-a1a9-0863fa25e695",
            "id": "2",
            "ip_failover": [],
            "name": "lan1DevTalks",
            "pcc": null,
            "public": true,
            "timeouts": null
          },
          "sensitive_attributes": [],
          "private": "eyJlMmJmYjczMC1lY2FhLTExZTYtOGY4OC0zNDM2M2JjN2M0YzAiOnsiY3JlYXRlIjozNjAwMDAwMDAwMDAwLCJkZWZhdWx0IjozNjAwMDAwMDAwMDAwLCJkZWxldGUiOjM2MDAwMDAwMDAwMDAsInJlYWQiOjM2MDAwMDAwMDAwMDAsInVwZGF0ZSI6MzYwMDAwMDAwMDAwMH19",
          "dependencies": [
            "module.datacenter.ionoscloud_datacenter.dev_talks"
          ]
        }
      ]
    },
    {
      "module": "module.lan[1]",
      "mode": "managed",
      "type": "ionoscloud_lan",
      "name": "lan",
      "provider": "provider[\"registry.terraform.io/hashicorp/ionoscloud\"]",
      "instances": [
        {
          "schema_version": 0,
          "attributes": {
            "datacenter_id": "9b94dad0-245f-4b19-a1a9-0863fa25e695",
            "id": "1",
            "ip_failover": [],
            "name": "lan2DevTalks",
            "pcc": null,
            "public": false,
            "timeouts": null
          },
          "sensitive_attributes": [],
          "private": "eyJlMmJmYjczMC1lY2FhLTExZTYtOGY4OC0zNDM2M2JjN2M0YzAiOnsiY3JlYXRlIjozNjAwMDAwMDAwMDAwLCJkZWZhdWx0IjozNjAwMDAwMDAwMDAwLCJkZWxldGUiOjM2MDAwMDAwMDAwMDAsInJlYWQiOjM2MDAwMDAwMDAwMDAsInVwZGF0ZSI6MzYwMDAwMDAwMDAwMH19",
          "dependencies": [
            "module.datacenter.ionoscloud_datacenter.dev_talks"
          ]
        }
      ]
    },
    {
      "module": "module.server[0]",
      "mode": "data",
      "type": "local_file",
      "name": "user_data",
      "provider": "provider[\"registry.terraform.io/hashicorp/local\"]",
      "instances": [
        {
          "schema_version": 0,
          "attributes": {
            "content": "#!/bin/bash\necho \"$(date): user data script started.\" \u003e /tmp/log\n\necho \"$(date): setting up webserver.\" \u003e\u003e /tmp/log\napt-get update -y\napt-get install apache2 php net-tools stress -y\nservice apache2 start\necho 'ForensicLog ${APACHE_LOG_DIR}/forensic_log.log' \u003e\u003e /etc/apache2/apache2.conf\necho 'AddHandler lua-script .lua' \u003e\u003e /etc/apache2/apache2.conf\na2enmod log_forensic lua\nservice apache2 restart\nupdate-rc.d apache2 defaults\n\necho \"$(date): generating webserver content.\" \u003e\u003e /tmp/log\necho \"\u003chtml\u003e\u003cbody\u003e\u003ch1\u003eHello from $(hostname -I)\u003c/h1\u003e\u003c/body\u003e\u003c/html\u003e\" \u003e /var/www/html/index.html\necho \"\u003chtml\u003e\u003cbody\u003e\u003ch1\u003e$(hostname -I)is healthy\u003c/h1\u003e\u003c/body\u003e\u003c/html\u003e\" \u003e /var/www/html/healthy.html\necho \"function handle(r)\n        r.usleep(5000000)\n        return apache2.DECLINED\nend\n\" \u003e /var/www/html/delay.lua\necho \"function handle(r)\n        r.usleep(60000000)\n        return apache2.DECLINED\nend\n\" \u003e /var/www/html/unhealthy.lua\n\necho \"$(date): user data script completed.\" \u003e\u003e /tmp/log\n",
            "content_base64": "IyEvYmluL2Jhc2gKZWNobyAiJChkYXRlKTogdXNlciBkYXRhIHNjcmlwdCBzdGFydGVkLiIgPiAvdG1wL2xvZwoKZWNobyAiJChkYXRlKTogc2V0dGluZyB1cCB3ZWJzZXJ2ZXIuIiA+PiAvdG1wL2xvZwphcHQtZ2V0IHVwZGF0ZSAteQphcHQtZ2V0IGluc3RhbGwgYXBhY2hlMiBwaHAgbmV0LXRvb2xzIHN0cmVzcyAteQpzZXJ2aWNlIGFwYWNoZTIgc3RhcnQKZWNobyAnRm9yZW5zaWNMb2cgJHtBUEFDSEVfTE9HX0RJUn0vZm9yZW5zaWNfbG9nLmxvZycgPj4gL2V0Yy9hcGFjaGUyL2FwYWNoZTIuY29uZgplY2hvICdBZGRIYW5kbGVyIGx1YS1zY3JpcHQgLmx1YScgPj4gL2V0Yy9hcGFjaGUyL2FwYWNoZTIuY29uZgphMmVubW9kIGxvZ19mb3JlbnNpYyBsdWEKc2VydmljZSBhcGFjaGUyIHJlc3RhcnQKdXBkYXRlLXJjLmQgYXBhY2hlMiBkZWZhdWx0cwoKZWNobyAiJChkYXRlKTogZ2VuZXJhdGluZyB3ZWJzZXJ2ZXIgY29udGVudC4iID4+IC90bXAvbG9nCmVjaG8gIjxodG1sPjxib2R5PjxoMT5IZWxsbyBmcm9tICQoaG9zdG5hbWUgLUkpPC9oMT48L2JvZHk+PC9odG1sPiIgPiAvdmFyL3d3dy9odG1sL2luZGV4Lmh0bWwKZWNobyAiPGh0bWw+PGJvZHk+PGgxPiQoaG9zdG5hbWUgLUkpaXMgaGVhbHRoeTwvaDE+PC9ib2R5PjwvaHRtbD4iID4gL3Zhci93d3cvaHRtbC9oZWFsdGh5Lmh0bWwKZWNobyAiZnVuY3Rpb24gaGFuZGxlKHIpCiAgICAgICAgci51c2xlZXAoNTAwMDAwMCkKICAgICAgICByZXR1cm4gYXBhY2hlMi5ERUNMSU5FRAplbmQKIiA+IC92YXIvd3d3L2h0bWwvZGVsYXkubHVhCmVjaG8gImZ1bmN0aW9uIGhhbmRsZShyKQogICAgICAgIHIudXNsZWVwKDYwMDAwMDAwKQogICAgICAgIHJldHVybiBhcGFjaGUyLkRFQ0xJTkVECmVuZAoiID4gL3Zhci93d3cvaHRtbC91bmhlYWx0aHkubHVhCgplY2hvICIkKGRhdGUpOiB1c2VyIGRhdGEgc2NyaXB0IGNvbXBsZXRlZC4iID4+IC90bXAvbG9nCg==",
            "filename": "network/server/../../../scripts/cloud_init_script.sh",
            "id": "22b48281c5ecf15af8161746ef55a2c5454d9c74"
          },
          "sensitive_attributes": []
        }
      ]
    },
    {
      "module": "module.server[0]",
      "mode": "managed",
      "type": "ionoscloud_server",
      "name": "server",
      "provider": "provider[\"registry.terraform.io/hashicorp/ionoscloud\"]",
      "instances": [
        {
          "schema_version": 0,
          "attributes": {
            "availability_zone": "AUTO",
            "boot_cdrom": null,
            "boot_image": "bf0afefe-c5ce-469a-b6c0-e44832b3a5b2",
            "boot_volume": "355a023d-9aae-4136-9cb0-d99e8e77a166",
            "cores": 2,
            "cpu_family": "INTEL_SKYLAKE",
            "datacenter_id": "9b94dad0-245f-4b19-a1a9-0863fa25e695",
            "firewallrule_id": null,
            "id": "7e435e09-c6d1-4050-8546-5dc73f6af027",
            "image_name": "bf0afefe-c5ce-469a-b6c0-e44832b3a5b2",
            "image_password": null,
            "name": "ws1",
            "nic": [
              {
                "device_number": 0,
                "dhcp": true,
                "firewall": [],
                "firewall_active": false,
                "firewall_type": "INGRESS",
                "ips": [
                  "10.0.3.11"
                ],
                "lan": 1,
                "mac": "02:01:d5:14:2c:5f",
                "name": "",
                "pci_slot": 0
              }
            ],
            "primary_ip": "10.0.3.11",
            "primary_nic": "876e3c05-f76a-4bd8-8fad-847dda98f4f4",
            "ram": 4096,
            "ssh_key_path": [],
            "template_uuid": null,
            "timeouts": null,
            "type": "ENTERPRISE",
            "volume": [
              {
                "availability_zone": "AUTO",
                "backup_unit_id": "",
                "boot_server": "7e435e09-c6d1-4050-8546-5dc73f6af027",
                "bus": "VIRTIO",
                "cpu_hot_plug": true,
                "device_number": 1,
                "disc_virtio_hot_plug": true,
                "disc_virtio_hot_unplug": true,
                "disk_type": "HDD",
                "image_password": "",
                "licence_type": "LINUX",
                "name": "hdd1",
                "nic_hot_plug": true,
                "nic_hot_unplug": true,
                "pci_slot": 0,
                "ram_hot_plug": true,
                "size": 10,
                "ssh_key_path": [],
                "user_data": ""
              }
            ]
          },
          "sensitive_attributes": [],
          "private": "eyJlMmJmYjczMC1lY2FhLTExZTYtOGY4OC0zNDM2M2JjN2M0YzAiOnsiY3JlYXRlIjozNjAwMDAwMDAwMDAwLCJkZWZhdWx0IjozNjAwMDAwMDAwMDAwLCJkZWxldGUiOjM2MDAwMDAwMDAwMDAsInJlYWQiOjM2MDAwMDAwMDAwMDAsInVwZGF0ZSI6MzYwMDAwMDAwMDAwMH19",
          "dependencies": [
            "module.datacenter.ionoscloud_datacenter.dev_talks",
            "module.lan.ionoscloud_lan.lan"
          ]
        }
      ]
    },
    {
      "module": "module.server[1]",
      "mode": "data",
      "type": "local_file",
      "name": "user_data",
      "provider": "provider[\"registry.terraform.io/hashicorp/local\"]",
      "instances": [
        {
          "schema_version": 0,
          "attributes": {
            "content": "#!/bin/bash\necho \"$(date): user data script started.\" \u003e /tmp/log\n\necho \"$(date): setting up webserver.\" \u003e\u003e /tmp/log\napt-get update -y\napt-get install apache2 php net-tools stress -y\nservice apache2 start\necho 'ForensicLog ${APACHE_LOG_DIR}/forensic_log.log' \u003e\u003e /etc/apache2/apache2.conf\necho 'AddHandler lua-script .lua' \u003e\u003e /etc/apache2/apache2.conf\na2enmod log_forensic lua\nservice apache2 restart\nupdate-rc.d apache2 defaults\n\necho \"$(date): generating webserver content.\" \u003e\u003e /tmp/log\necho \"\u003chtml\u003e\u003cbody\u003e\u003ch1\u003eHello from $(hostname -I)\u003c/h1\u003e\u003c/body\u003e\u003c/html\u003e\" \u003e /var/www/html/index.html\necho \"\u003chtml\u003e\u003cbody\u003e\u003ch1\u003e$(hostname -I)is healthy\u003c/h1\u003e\u003c/body\u003e\u003c/html\u003e\" \u003e /var/www/html/healthy.html\necho \"function handle(r)\n        r.usleep(5000000)\n        return apache2.DECLINED\nend\n\" \u003e /var/www/html/delay.lua\necho \"function handle(r)\n        r.usleep(60000000)\n        return apache2.DECLINED\nend\n\" \u003e /var/www/html/unhealthy.lua\n\necho \"$(date): user data script completed.\" \u003e\u003e /tmp/log\n",
            "content_base64": "IyEvYmluL2Jhc2gKZWNobyAiJChkYXRlKTogdXNlciBkYXRhIHNjcmlwdCBzdGFydGVkLiIgPiAvdG1wL2xvZwoKZWNobyAiJChkYXRlKTogc2V0dGluZyB1cCB3ZWJzZXJ2ZXIuIiA+PiAvdG1wL2xvZwphcHQtZ2V0IHVwZGF0ZSAteQphcHQtZ2V0IGluc3RhbGwgYXBhY2hlMiBwaHAgbmV0LXRvb2xzIHN0cmVzcyAteQpzZXJ2aWNlIGFwYWNoZTIgc3RhcnQKZWNobyAnRm9yZW5zaWNMb2cgJHtBUEFDSEVfTE9HX0RJUn0vZm9yZW5zaWNfbG9nLmxvZycgPj4gL2V0Yy9hcGFjaGUyL2FwYWNoZTIuY29uZgplY2hvICdBZGRIYW5kbGVyIGx1YS1zY3JpcHQgLmx1YScgPj4gL2V0Yy9hcGFjaGUyL2FwYWNoZTIuY29uZgphMmVubW9kIGxvZ19mb3JlbnNpYyBsdWEKc2VydmljZSBhcGFjaGUyIHJlc3RhcnQKdXBkYXRlLXJjLmQgYXBhY2hlMiBkZWZhdWx0cwoKZWNobyAiJChkYXRlKTogZ2VuZXJhdGluZyB3ZWJzZXJ2ZXIgY29udGVudC4iID4+IC90bXAvbG9nCmVjaG8gIjxodG1sPjxib2R5PjxoMT5IZWxsbyBmcm9tICQoaG9zdG5hbWUgLUkpPC9oMT48L2JvZHk+PC9odG1sPiIgPiAvdmFyL3d3dy9odG1sL2luZGV4Lmh0bWwKZWNobyAiPGh0bWw+PGJvZHk+PGgxPiQoaG9zdG5hbWUgLUkpaXMgaGVhbHRoeTwvaDE+PC9ib2R5PjwvaHRtbD4iID4gL3Zhci93d3cvaHRtbC9oZWFsdGh5Lmh0bWwKZWNobyAiZnVuY3Rpb24gaGFuZGxlKHIpCiAgICAgICAgci51c2xlZXAoNTAwMDAwMCkKICAgICAgICByZXR1cm4gYXBhY2hlMi5ERUNMSU5FRAplbmQKIiA+IC92YXIvd3d3L2h0bWwvZGVsYXkubHVhCmVjaG8gImZ1bmN0aW9uIGhhbmRsZShyKQogICAgICAgIHIudXNsZWVwKDYwMDAwMDAwKQogICAgICAgIHJldHVybiBhcGFjaGUyLkRFQ0xJTkVECmVuZAoiID4gL3Zhci93d3cvaHRtbC91bmhlYWx0aHkubHVhCgplY2hvICIkKGRhdGUpOiB1c2VyIGRhdGEgc2NyaXB0IGNvbXBsZXRlZC4iID4+IC90bXAvbG9nCg==",
            "filename": "network/server/../../../scripts/cloud_init_script.sh",
            "id": "22b48281c5ecf15af8161746ef55a2c5454d9c74"
          },
          "sensitive_attributes": []
        }
      ]
    },
    {
      "module": "module.server[1]",
      "mode": "managed",
      "type": "ionoscloud_server",
      "name": "server",
      "provider": "provider[\"registry.terraform.io/hashicorp/ionoscloud\"]",
      "instances": [
        {
          "schema_version": 0,
          "attributes": {
            "availability_zone": "AUTO",
            "boot_cdrom": null,
            "boot_image": "b3740121-4c7e-4dd3-bc3c-ba8c351a2ab9",
            "boot_volume": "e28591ef-400b-4c28-a48e-685782c19903",
            "cores": 2,
            "cpu_family": "INTEL_SKYLAKE",
            "datacenter_id": "9b94dad0-245f-4b19-a1a9-0863fa25e695",
            "firewallrule_id": null,
            "id": "e4ddcc9b-a1fd-488c-bee0-aaf23c4099f1",
            "image_name": "b3740121-4c7e-4dd3-bc3c-ba8c351a2ab9",
            "image_password": null,
            "name": "ws2",
            "nic": [
              {
                "device_number": 0,
                "dhcp": true,
                "firewall": [],
                "firewall_active": false,
                "firewall_type": "INGRESS",
                "ips": [
                  "10.0.3.12"
                ],
                "lan": 1,
                "mac": "02:01:cb:f9:d1:ce",
                "name": "",
                "pci_slot": 0
              }
            ],
            "primary_ip": "10.0.3.12",
            "primary_nic": "6d6568e1-b3df-4c65-b0f2-fc4c31738a9a",
            "ram": 4096,
            "ssh_key_path": [],
            "template_uuid": null,
            "timeouts": null,
            "type": "ENTERPRISE",
            "volume": [
              {
                "availability_zone": "AUTO",
                "backup_unit_id": "",
                "boot_server": "e4ddcc9b-a1fd-488c-bee0-aaf23c4099f1",
                "bus": "VIRTIO",
                "cpu_hot_plug": true,
                "device_number": 1,
                "disc_virtio_hot_plug": true,
                "disc_virtio_hot_unplug": true,
                "disk_type": "HDD",
                "image_password": "",
                "licence_type": "LINUX",
                "name": "hdd2",
                "nic_hot_plug": true,
                "nic_hot_unplug": true,
                "pci_slot": 0,
                "ram_hot_plug": true,
                "size": 10,
                "ssh_key_path": [],
                "user_data": ""
              }
            ]
          },
          "sensitive_attributes": [],
          "private": "eyJlMmJmYjczMC1lY2FhLTExZTYtOGY4OC0zNDM2M2JjN2M0YzAiOnsiY3JlYXRlIjozNjAwMDAwMDAwMDAwLCJkZWZhdWx0IjozNjAwMDAwMDAwMDAwLCJkZWxldGUiOjM2MDAwMDAwMDAwMDAsInJlYWQiOjM2MDAwMDAwMDAwMDAsInVwZGF0ZSI6MzYwMDAwMDAwMDAwMH19",
          "dependencies": [
            "module.datacenter.ionoscloud_datacenter.dev_talks",
            "module.lan.ionoscloud_lan.lan"
          ]
        }
      ]
    }
  ]
}
